
Microsoft Visual Studio Solution File, Format Version 12.00
# Visual Studio Version 17
VisualStudioVersion = 17.2.32616.157
MinimumVisualStudioVersion = 10.0.40219.1
Project("{FAE04EC0-301F-11D3-BF4B-00C04F79EFBC}") = "homework16", "homework16.csproj", "{614969ED-10B6-4A95-B403-001B1F45EBBE}"
EndProject
Global
	GlobalSection(SolutionConfigurationPlatforms) = preSolution
		Debug|Any CPU = Debug|Any CPU
		Release|Any CPU = Release|Any CPU
	EndGlobalSection
	GlobalSection(ProjectConfigurationPlatforms) = postSolution
		{614969ED-10B6-4A95-B403-001B1F45EBBE}.Debug|Any CPU.ActiveCfg = Debug|Any CPU
		{614969ED-10B6-4A95-B403-001B1F45EBBE}.Debug|Any CPU.Build.0 = Debug|Any CPU
		{614969ED-10B6-4A95-B403-001B1F45EBBE}.Release|Any CPU.ActiveCfg = Release|Any CPU
		{614969ED-10B6-4A95-B403-001B1F45EBBE}.Release|Any CPU.Build.0 = Release|Any CPU
	EndGlobalSection
	GlobalSection(SolutionProperties) = preSolution
		HideSolutionNode = FALSE
	EndGlobalSection
	GlobalSection(ExtensibilityGlobals) = postSolution
		SolutionGuid = {8B55AAB9-E7DB-4637-BB63-7CF77C60B724}
	EndGlobalSection
EndGlobal
